
Microsoft Visual Studio Solution File, Format Version 12.00
# Visual Studio Version 16
VisualStudioVersion = 16.6.30114.105
MinimumVisualStudioVersion = 10.0.40219.1
Project("{2150E333-8FDC-42A3-9474-1A3956D46DE8}") = "BuildingBlocks", "BuildingBlocks", "{37D5F37B-60BB-41FA-917E-6FE57781DC76}"
EndProject
Project("{FAE04EC0-301F-11D3-BF4B-00C04F79EFBC}") = "BuildingBlocks.Domain", "BuildingBlocks\BuildingBlocks.Domain\BuildingBlocks.Domain.csproj", "{9DC1AD45-1BE2-4314-B311-D0A23ACF8FDD}"
EndProject
Project("{2150E333-8FDC-42A3-9474-1A3956D46DE8}") = "Services", "Services", "{1F4695DD-5B79-4B62-B035-112D72DF35D3}"
ProjectSection(SolutionItems) = preProject
	Services\Todo.md = Services\Todo.md
EndProjectSection
EndProject
Project("{2150E333-8FDC-42A3-9474-1A3956D46DE8}") = "Restaurants", "Restaurants", "{5A28D477-6201-43F7-9AF4-D731AD919960}"
EndProject
Project("{2150E333-8FDC-42A3-9474-1A3956D46DE8}") = "Domain", "Domain", "{FFABC791-D724-4292-B455-827BAB894BD1}"
EndProject
Project("{FAE04EC0-301F-11D3-BF4B-00C04F79EFBC}") = "BuildingBlocks.Domain.Tests", "BuildingBlocks\BuildingBlocks.Domain.Tests\BuildingBlocks.Domain.Tests.csproj", "{52CD728C-892B-43C5-8332-B71A071BBEE2}"
EndProject
Project("{2150E333-8FDC-42A3-9474-1A3956D46DE8}") = "Tests", "Tests", "{5F5E5A58-66A4-4D4A-95FC-152E1140EE3A}"
EndProject
Project("{FAE04EC0-301F-11D3-BF4B-00C04F79EFBC}") = "BuildingBlocks.Helpers", "BuildingBlocks\BuildingBlocks.Helpers\BuildingBlocks.Helpers.csproj", "{513A50C8-DF2F-4F7C-9405-4ECA71096FCF}"
EndProject
Project("{FAE04EC0-301F-11D3-BF4B-00C04F79EFBC}") = "BuildingBlocks.Tests.Shared", "BuildingBlocks\BuildingBlocks.Tests.Shared\BuildingBlocks.Tests.Shared.csproj", "{C1A630E1-C90A-4121-A836-9DEB55193523}"
EndProject
Project("{2150E333-8FDC-42A3-9474-1A3956D46DE8}") = "Reservation", "Reservation", "{1FD2DA9D-01B5-4EB3-BF4A-C392FD613948}"
EndProject
Project("{2150E333-8FDC-42A3-9474-1A3956D46DE8}") = "Tests", "Tests", "{4191EC0C-74F1-46F0-B83B-1509F1A6153C}"
EndProject
Project("{FAE04EC0-301F-11D3-BF4B-00C04F79EFBC}") = "Reservations.Domain", "Services\Reservations\Reservations.Domain\Reservations.Domain.csproj", "{2A833950-72FA-4A53-BF7A-C639E2C0F89A}"
EndProject
Project("{FAE04EC0-301F-11D3-BF4B-00C04F79EFBC}") = "Reservations.Infrastructure", "Services\Reservations\Reservations.Infrastructure\Reservations.Infrastructure.csproj", "{4F46ACF6-0B28-4A81-94BB-8FEFC2BFEAB3}"
EndProject
Project("{FAE04EC0-301F-11D3-BF4B-00C04F79EFBC}") = "Reservation.Domain.Tests", "Services\Reservations\Tests\Reservation.Domain.Tests\Reservation.Domain.Tests.csproj", "{35E6852E-3E53-4B9B-B934-E49229451B75}"
EndProject
Project("{FAE04EC0-301F-11D3-BF4B-00C04F79EFBC}") = "Restaurants.Domain.Tests", "Services\Restaurants\Tests\Restaurants.Domain.Tests\Restaurants.Domain.Tests.csproj", "{374D568B-78A3-400D-9D72-7215E0CB8E63}"
EndProject
Project("{FAE04EC0-301F-11D3-BF4B-00C04F79EFBC}") = "Restaurants.Domain", "Services\Restaurants\Restaurants.Domain\Restaurants.Domain.csproj", "{D8917E10-A052-4AD5-ABE3-5F71682A0410}"
EndProject
Project("{FAE04EC0-301F-11D3-BF4B-00C04F79EFBC}") = "Restaurants.Application", "Services\Restaurants\Restaurants.Application\Restaurants.Application.csproj", "{C456A906-ED6C-406B-ACAE-2FBFBE935BCA}"
EndProject
Project("{FAE04EC0-301F-11D3-BF4B-00C04F79EFBC}") = "Restaurants.Infrastructure", "Services\Restaurants\Restaurants.Infrastructure\Restaurants.Infrastructure.csproj", "{C760C338-A7D1-4542-A29A-826098CD5375}"
EndProject
Project("{2150E333-8FDC-42A3-9474-1A3956D46DE8}") = "EventBus", "EventBus", "{3E999939-F282-491E-8D37-D0FB1AACF44E}"
EndProject
Project("{FAE04EC0-301F-11D3-BF4B-00C04F79EFBC}") = "Restaurants.Api", "Services\Restaurants\Restaurants.Api\Restaurants.Api.csproj", "{4F8E0B83-2F47-4F27-AE2F-12FC79CE4139}"
EndProject
Project("{FAE04EC0-301F-11D3-BF4B-00C04F79EFBC}") = "EventBus.Abstractions", "EventBus\EventBus.Abstractions\EventBus.Abstractions.csproj", "{017277D1-D242-4ACF-8F3E-7ED5E9A05774}"
EndProject
Project("{FAE04EC0-301F-11D3-BF4B-00C04F79EFBC}") = "EventBus.RabbitMq", "EventBus\EventBus.RabbitMq\EventBus.RabbitMq.csproj", "{504AFDE4-BE4C-49F5-A944-F6DCB6926073}"
EndProject
Project("{FAE04EC0-301F-11D3-BF4B-00C04F79EFBC}") = "Restaurants.IntegrationEvents", "Services\Restaurants\Tests\Restaurants.IntegrationEvents\Restaurants.IntegrationEvents.csproj", "{4B4FAFA7-CDEE-4425-8540-7D7B1965D559}"
EndProject
Global
	GlobalSection(SolutionConfigurationPlatforms) = preSolution
		Debug|Any CPU = Debug|Any CPU
		Debug|x64 = Debug|x64
		Debug|x86 = Debug|x86
		Release|Any CPU = Release|Any CPU
		Release|x64 = Release|x64
		Release|x86 = Release|x86
	EndGlobalSection
	GlobalSection(SolutionProperties) = preSolution
		HideSolutionNode = FALSE
	EndGlobalSection
	GlobalSection(ProjectConfigurationPlatforms) = postSolution
		{9DC1AD45-1BE2-4314-B311-D0A23ACF8FDD}.Debug|Any CPU.ActiveCfg = Debug|Any CPU
		{9DC1AD45-1BE2-4314-B311-D0A23ACF8FDD}.Debug|Any CPU.Build.0 = Debug|Any CPU
		{9DC1AD45-1BE2-4314-B311-D0A23ACF8FDD}.Debug|x64.ActiveCfg = Debug|Any CPU
		{9DC1AD45-1BE2-4314-B311-D0A23ACF8FDD}.Debug|x64.Build.0 = Debug|Any CPU
		{9DC1AD45-1BE2-4314-B311-D0A23ACF8FDD}.Debug|x86.ActiveCfg = Debug|Any CPU
		{9DC1AD45-1BE2-4314-B311-D0A23ACF8FDD}.Debug|x86.Build.0 = Debug|Any CPU
		{9DC1AD45-1BE2-4314-B311-D0A23ACF8FDD}.Release|Any CPU.ActiveCfg = Release|Any CPU
		{9DC1AD45-1BE2-4314-B311-D0A23ACF8FDD}.Release|Any CPU.Build.0 = Release|Any CPU
		{9DC1AD45-1BE2-4314-B311-D0A23ACF8FDD}.Release|x64.ActiveCfg = Release|Any CPU
		{9DC1AD45-1BE2-4314-B311-D0A23ACF8FDD}.Release|x64.Build.0 = Release|Any CPU
		{9DC1AD45-1BE2-4314-B311-D0A23ACF8FDD}.Release|x86.ActiveCfg = Release|Any CPU
		{9DC1AD45-1BE2-4314-B311-D0A23ACF8FDD}.Release|x86.Build.0 = Release|Any CPU
		{52CD728C-892B-43C5-8332-B71A071BBEE2}.Debug|Any CPU.ActiveCfg = Debug|Any CPU
		{52CD728C-892B-43C5-8332-B71A071BBEE2}.Debug|Any CPU.Build.0 = Debug|Any CPU
		{52CD728C-892B-43C5-8332-B71A071BBEE2}.Debug|x64.ActiveCfg = Debug|Any CPU
		{52CD728C-892B-43C5-8332-B71A071BBEE2}.Debug|x64.Build.0 = Debug|Any CPU
		{52CD728C-892B-43C5-8332-B71A071BBEE2}.Debug|x86.ActiveCfg = Debug|Any CPU
		{52CD728C-892B-43C5-8332-B71A071BBEE2}.Debug|x86.Build.0 = Debug|Any CPU
		{52CD728C-892B-43C5-8332-B71A071BBEE2}.Release|Any CPU.ActiveCfg = Release|Any CPU
		{52CD728C-892B-43C5-8332-B71A071BBEE2}.Release|Any CPU.Build.0 = Release|Any CPU
		{52CD728C-892B-43C5-8332-B71A071BBEE2}.Release|x64.ActiveCfg = Release|Any CPU
		{52CD728C-892B-43C5-8332-B71A071BBEE2}.Release|x64.Build.0 = Release|Any CPU
		{52CD728C-892B-43C5-8332-B71A071BBEE2}.Release|x86.ActiveCfg = Release|Any CPU
		{52CD728C-892B-43C5-8332-B71A071BBEE2}.Release|x86.Build.0 = Release|Any CPU
		{513A50C8-DF2F-4F7C-9405-4ECA71096FCF}.Debug|Any CPU.ActiveCfg = Debug|Any CPU
		{513A50C8-DF2F-4F7C-9405-4ECA71096FCF}.Debug|Any CPU.Build.0 = Debug|Any CPU
		{513A50C8-DF2F-4F7C-9405-4ECA71096FCF}.Debug|x64.ActiveCfg = Debug|Any CPU
		{513A50C8-DF2F-4F7C-9405-4ECA71096FCF}.Debug|x64.Build.0 = Debug|Any CPU
		{513A50C8-DF2F-4F7C-9405-4ECA71096FCF}.Debug|x86.ActiveCfg = Debug|Any CPU
		{513A50C8-DF2F-4F7C-9405-4ECA71096FCF}.Debug|x86.Build.0 = Debug|Any CPU
		{513A50C8-DF2F-4F7C-9405-4ECA71096FCF}.Release|Any CPU.ActiveCfg = Release|Any CPU
		{513A50C8-DF2F-4F7C-9405-4ECA71096FCF}.Release|Any CPU.Build.0 = Release|Any CPU
		{513A50C8-DF2F-4F7C-9405-4ECA71096FCF}.Release|x64.ActiveCfg = Release|Any CPU
		{513A50C8-DF2F-4F7C-9405-4ECA71096FCF}.Release|x64.Build.0 = Release|Any CPU
		{513A50C8-DF2F-4F7C-9405-4ECA71096FCF}.Release|x86.ActiveCfg = Release|Any CPU
		{513A50C8-DF2F-4F7C-9405-4ECA71096FCF}.Release|x86.Build.0 = Release|Any CPU
		{C1A630E1-C90A-4121-A836-9DEB55193523}.Debug|Any CPU.ActiveCfg = Debug|Any CPU
		{C1A630E1-C90A-4121-A836-9DEB55193523}.Debug|Any CPU.Build.0 = Debug|Any CPU
		{C1A630E1-C90A-4121-A836-9DEB55193523}.Debug|x64.ActiveCfg = Debug|Any CPU
		{C1A630E1-C90A-4121-A836-9DEB55193523}.Debug|x64.Build.0 = Debug|Any CPU
		{C1A630E1-C90A-4121-A836-9DEB55193523}.Debug|x86.ActiveCfg = Debug|Any CPU
		{C1A630E1-C90A-4121-A836-9DEB55193523}.Debug|x86.Build.0 = Debug|Any CPU
		{C1A630E1-C90A-4121-A836-9DEB55193523}.Release|Any CPU.ActiveCfg = Release|Any CPU
		{C1A630E1-C90A-4121-A836-9DEB55193523}.Release|Any CPU.Build.0 = Release|Any CPU
		{C1A630E1-C90A-4121-A836-9DEB55193523}.Release|x64.ActiveCfg = Release|Any CPU
		{C1A630E1-C90A-4121-A836-9DEB55193523}.Release|x64.Build.0 = Release|Any CPU
		{C1A630E1-C90A-4121-A836-9DEB55193523}.Release|x86.ActiveCfg = Release|Any CPU
		{C1A630E1-C90A-4121-A836-9DEB55193523}.Release|x86.Build.0 = Release|Any CPU
		{2A833950-72FA-4A53-BF7A-C639E2C0F89A}.Debug|Any CPU.ActiveCfg = Debug|Any CPU
		{2A833950-72FA-4A53-BF7A-C639E2C0F89A}.Debug|Any CPU.Build.0 = Debug|Any CPU
		{2A833950-72FA-4A53-BF7A-C639E2C0F89A}.Debug|x64.ActiveCfg = Debug|Any CPU
		{2A833950-72FA-4A53-BF7A-C639E2C0F89A}.Debug|x64.Build.0 = Debug|Any CPU
		{2A833950-72FA-4A53-BF7A-C639E2C0F89A}.Debug|x86.ActiveCfg = Debug|Any CPU
		{2A833950-72FA-4A53-BF7A-C639E2C0F89A}.Debug|x86.Build.0 = Debug|Any CPU
		{2A833950-72FA-4A53-BF7A-C639E2C0F89A}.Release|Any CPU.ActiveCfg = Release|Any CPU
		{2A833950-72FA-4A53-BF7A-C639E2C0F89A}.Release|Any CPU.Build.0 = Release|Any CPU
		{2A833950-72FA-4A53-BF7A-C639E2C0F89A}.Release|x64.ActiveCfg = Release|Any CPU
		{2A833950-72FA-4A53-BF7A-C639E2C0F89A}.Release|x64.Build.0 = Release|Any CPU
		{2A833950-72FA-4A53-BF7A-C639E2C0F89A}.Release|x86.ActiveCfg = Release|Any CPU
		{2A833950-72FA-4A53-BF7A-C639E2C0F89A}.Release|x86.Build.0 = Release|Any CPU
		{4F46ACF6-0B28-4A81-94BB-8FEFC2BFEAB3}.Debug|Any CPU.ActiveCfg = Debug|Any CPU
		{4F46ACF6-0B28-4A81-94BB-8FEFC2BFEAB3}.Debug|Any CPU.Build.0 = Debug|Any CPU
		{4F46ACF6-0B28-4A81-94BB-8FEFC2BFEAB3}.Debug|x64.ActiveCfg = Debug|Any CPU
		{4F46ACF6-0B28-4A81-94BB-8FEFC2BFEAB3}.Debug|x64.Build.0 = Debug|Any CPU
		{4F46ACF6-0B28-4A81-94BB-8FEFC2BFEAB3}.Debug|x86.ActiveCfg = Debug|Any CPU
		{4F46ACF6-0B28-4A81-94BB-8FEFC2BFEAB3}.Debug|x86.Build.0 = Debug|Any CPU
		{4F46ACF6-0B28-4A81-94BB-8FEFC2BFEAB3}.Release|Any CPU.ActiveCfg = Release|Any CPU
		{4F46ACF6-0B28-4A81-94BB-8FEFC2BFEAB3}.Release|Any CPU.Build.0 = Release|Any CPU
		{4F46ACF6-0B28-4A81-94BB-8FEFC2BFEAB3}.Release|x64.ActiveCfg = Release|Any CPU
		{4F46ACF6-0B28-4A81-94BB-8FEFC2BFEAB3}.Release|x64.Build.0 = Release|Any CPU
		{4F46ACF6-0B28-4A81-94BB-8FEFC2BFEAB3}.Release|x86.ActiveCfg = Release|Any CPU
		{4F46ACF6-0B28-4A81-94BB-8FEFC2BFEAB3}.Release|x86.Build.0 = Release|Any CPU
		{35E6852E-3E53-4B9B-B934-E49229451B75}.Debug|Any CPU.ActiveCfg = Debug|Any CPU
		{35E6852E-3E53-4B9B-B934-E49229451B75}.Debug|Any CPU.Build.0 = Debug|Any CPU
		{35E6852E-3E53-4B9B-B934-E49229451B75}.Debug|x64.ActiveCfg = Debug|Any CPU
		{35E6852E-3E53-4B9B-B934-E49229451B75}.Debug|x64.Build.0 = Debug|Any CPU
		{35E6852E-3E53-4B9B-B934-E49229451B75}.Debug|x86.ActiveCfg = Debug|Any CPU
		{35E6852E-3E53-4B9B-B934-E49229451B75}.Debug|x86.Build.0 = Debug|Any CPU
		{35E6852E-3E53-4B9B-B934-E49229451B75}.Release|Any CPU.ActiveCfg = Release|Any CPU
		{35E6852E-3E53-4B9B-B934-E49229451B75}.Release|Any CPU.Build.0 = Release|Any CPU
		{35E6852E-3E53-4B9B-B934-E49229451B75}.Release|x64.ActiveCfg = Release|Any CPU
		{35E6852E-3E53-4B9B-B934-E49229451B75}.Release|x64.Build.0 = Release|Any CPU
		{35E6852E-3E53-4B9B-B934-E49229451B75}.Release|x86.ActiveCfg = Release|Any CPU
		{35E6852E-3E53-4B9B-B934-E49229451B75}.Release|x86.Build.0 = Release|Any CPU
		{374D568B-78A3-400D-9D72-7215E0CB8E63}.Debug|Any CPU.ActiveCfg = Debug|Any CPU
		{374D568B-78A3-400D-9D72-7215E0CB8E63}.Debug|Any CPU.Build.0 = Debug|Any CPU
		{374D568B-78A3-400D-9D72-7215E0CB8E63}.Debug|x64.ActiveCfg = Debug|Any CPU
		{374D568B-78A3-400D-9D72-7215E0CB8E63}.Debug|x64.Build.0 = Debug|Any CPU
		{374D568B-78A3-400D-9D72-7215E0CB8E63}.Debug|x86.ActiveCfg = Debug|Any CPU
		{374D568B-78A3-400D-9D72-7215E0CB8E63}.Debug|x86.Build.0 = Debug|Any CPU
		{374D568B-78A3-400D-9D72-7215E0CB8E63}.Release|Any CPU.ActiveCfg = Release|Any CPU
		{374D568B-78A3-400D-9D72-7215E0CB8E63}.Release|Any CPU.Build.0 = Release|Any CPU
		{374D568B-78A3-400D-9D72-7215E0CB8E63}.Release|x64.ActiveCfg = Release|Any CPU
		{374D568B-78A3-400D-9D72-7215E0CB8E63}.Release|x64.Build.0 = Release|Any CPU
		{374D568B-78A3-400D-9D72-7215E0CB8E63}.Release|x86.ActiveCfg = Release|Any CPU
		{374D568B-78A3-400D-9D72-7215E0CB8E63}.Release|x86.Build.0 = Release|Any CPU
		{D8917E10-A052-4AD5-ABE3-5F71682A0410}.Debug|Any CPU.ActiveCfg = Debug|Any CPU
		{D8917E10-A052-4AD5-ABE3-5F71682A0410}.Debug|Any CPU.Build.0 = Debug|Any CPU
		{D8917E10-A052-4AD5-ABE3-5F71682A0410}.Debug|x64.ActiveCfg = Debug|Any CPU
		{D8917E10-A052-4AD5-ABE3-5F71682A0410}.Debug|x64.Build.0 = Debug|Any CPU
		{D8917E10-A052-4AD5-ABE3-5F71682A0410}.Debug|x86.ActiveCfg = Debug|Any CPU
		{D8917E10-A052-4AD5-ABE3-5F71682A0410}.Debug|x86.Build.0 = Debug|Any CPU
		{D8917E10-A052-4AD5-ABE3-5F71682A0410}.Release|Any CPU.ActiveCfg = Release|Any CPU
		{D8917E10-A052-4AD5-ABE3-5F71682A0410}.Release|Any CPU.Build.0 = Release|Any CPU
		{D8917E10-A052-4AD5-ABE3-5F71682A0410}.Release|x64.ActiveCfg = Release|Any CPU
		{D8917E10-A052-4AD5-ABE3-5F71682A0410}.Release|x64.Build.0 = Release|Any CPU
		{D8917E10-A052-4AD5-ABE3-5F71682A0410}.Release|x86.ActiveCfg = Release|Any CPU
		{D8917E10-A052-4AD5-ABE3-5F71682A0410}.Release|x86.Build.0 = Release|Any CPU
		{C456A906-ED6C-406B-ACAE-2FBFBE935BCA}.Debug|Any CPU.ActiveCfg = Debug|Any CPU
		{C456A906-ED6C-406B-ACAE-2FBFBE935BCA}.Debug|Any CPU.Build.0 = Debug|Any CPU
		{C456A906-ED6C-406B-ACAE-2FBFBE935BCA}.Debug|x64.ActiveCfg = Debug|Any CPU
		{C456A906-ED6C-406B-ACAE-2FBFBE935BCA}.Debug|x64.Build.0 = Debug|Any CPU
		{C456A906-ED6C-406B-ACAE-2FBFBE935BCA}.Debug|x86.ActiveCfg = Debug|Any CPU
		{C456A906-ED6C-406B-ACAE-2FBFBE935BCA}.Debug|x86.Build.0 = Debug|Any CPU
		{C456A906-ED6C-406B-ACAE-2FBFBE935BCA}.Release|Any CPU.ActiveCfg = Release|Any CPU
		{C456A906-ED6C-406B-ACAE-2FBFBE935BCA}.Release|Any CPU.Build.0 = Release|Any CPU
		{C456A906-ED6C-406B-ACAE-2FBFBE935BCA}.Release|x64.ActiveCfg = Release|Any CPU
		{C456A906-ED6C-406B-ACAE-2FBFBE935BCA}.Release|x64.Build.0 = Release|Any CPU
		{C456A906-ED6C-406B-ACAE-2FBFBE935BCA}.Release|x86.ActiveCfg = Release|Any CPU
		{C456A906-ED6C-406B-ACAE-2FBFBE935BCA}.Release|x86.Build.0 = Release|Any CPU
		{C760C338-A7D1-4542-A29A-826098CD5375}.Debug|Any CPU.ActiveCfg = Debug|Any CPU
		{C760C338-A7D1-4542-A29A-826098CD5375}.Debug|Any CPU.Build.0 = Debug|Any CPU
		{C760C338-A7D1-4542-A29A-826098CD5375}.Debug|x64.ActiveCfg = Debug|Any CPU
		{C760C338-A7D1-4542-A29A-826098CD5375}.Debug|x64.Build.0 = Debug|Any CPU
		{C760C338-A7D1-4542-A29A-826098CD5375}.Debug|x86.ActiveCfg = Debug|Any CPU
		{C760C338-A7D1-4542-A29A-826098CD5375}.Debug|x86.Build.0 = Debug|Any CPU
		{C760C338-A7D1-4542-A29A-826098CD5375}.Release|Any CPU.ActiveCfg = Release|Any CPU
		{C760C338-A7D1-4542-A29A-826098CD5375}.Release|Any CPU.Build.0 = Release|Any CPU
		{C760C338-A7D1-4542-A29A-826098CD5375}.Release|x64.ActiveCfg = Release|Any CPU
		{C760C338-A7D1-4542-A29A-826098CD5375}.Release|x64.Build.0 = Release|Any CPU
		{C760C338-A7D1-4542-A29A-826098CD5375}.Release|x86.ActiveCfg = Release|Any CPU
		{C760C338-A7D1-4542-A29A-826098CD5375}.Release|x86.Build.0 = Release|Any CPU
		{4F8E0B83-2F47-4F27-AE2F-12FC79CE4139}.Debug|Any CPU.ActiveCfg = Debug|Any CPU
		{4F8E0B83-2F47-4F27-AE2F-12FC79CE4139}.Debug|Any CPU.Build.0 = Debug|Any CPU
		{4F8E0B83-2F47-4F27-AE2F-12FC79CE4139}.Debug|x64.ActiveCfg = Debug|Any CPU
		{4F8E0B83-2F47-4F27-AE2F-12FC79CE4139}.Debug|x64.Build.0 = Debug|Any CPU
		{4F8E0B83-2F47-4F27-AE2F-12FC79CE4139}.Debug|x86.ActiveCfg = Debug|Any CPU
		{4F8E0B83-2F47-4F27-AE2F-12FC79CE4139}.Debug|x86.Build.0 = Debug|Any CPU
		{4F8E0B83-2F47-4F27-AE2F-12FC79CE4139}.Release|Any CPU.ActiveCfg = Release|Any CPU
		{4F8E0B83-2F47-4F27-AE2F-12FC79CE4139}.Release|Any CPU.Build.0 = Release|Any CPU
		{4F8E0B83-2F47-4F27-AE2F-12FC79CE4139}.Release|x64.ActiveCfg = Release|Any CPU
		{4F8E0B83-2F47-4F27-AE2F-12FC79CE4139}.Release|x64.Build.0 = Release|Any CPU
		{4F8E0B83-2F47-4F27-AE2F-12FC79CE4139}.Release|x86.ActiveCfg = Release|Any CPU
		{4F8E0B83-2F47-4F27-AE2F-12FC79CE4139}.Release|x86.Build.0 = Release|Any CPU
		{017277D1-D242-4ACF-8F3E-7ED5E9A05774}.Debug|Any CPU.ActiveCfg = Debug|Any CPU
		{017277D1-D242-4ACF-8F3E-7ED5E9A05774}.Debug|Any CPU.Build.0 = Debug|Any CPU
		{017277D1-D242-4ACF-8F3E-7ED5E9A05774}.Debug|x64.ActiveCfg = Debug|Any CPU
		{017277D1-D242-4ACF-8F3E-7ED5E9A05774}.Debug|x64.Build.0 = Debug|Any CPU
		{017277D1-D242-4ACF-8F3E-7ED5E9A05774}.Debug|x86.ActiveCfg = Debug|Any CPU
		{017277D1-D242-4ACF-8F3E-7ED5E9A05774}.Debug|x86.Build.0 = Debug|Any CPU
		{017277D1-D242-4ACF-8F3E-7ED5E9A05774}.Release|Any CPU.ActiveCfg = Release|Any CPU
		{017277D1-D242-4ACF-8F3E-7ED5E9A05774}.Release|Any CPU.Build.0 = Release|Any CPU
		{017277D1-D242-4ACF-8F3E-7ED5E9A05774}.Release|x64.ActiveCfg = Release|Any CPU
		{017277D1-D242-4ACF-8F3E-7ED5E9A05774}.Release|x64.Build.0 = Release|Any CPU
		{017277D1-D242-4ACF-8F3E-7ED5E9A05774}.Release|x86.ActiveCfg = Release|Any CPU
		{017277D1-D242-4ACF-8F3E-7ED5E9A05774}.Release|x86.Build.0 = Release|Any CPU
		{504AFDE4-BE4C-49F5-A944-F6DCB6926073}.Debug|Any CPU.ActiveCfg = Debug|Any CPU
		{504AFDE4-BE4C-49F5-A944-F6DCB6926073}.Debug|Any CPU.Build.0 = Debug|Any CPU
		{504AFDE4-BE4C-49F5-A944-F6DCB6926073}.Debug|x64.ActiveCfg = Debug|Any CPU
		{504AFDE4-BE4C-49F5-A944-F6DCB6926073}.Debug|x64.Build.0 = Debug|Any CPU
		{504AFDE4-BE4C-49F5-A944-F6DCB6926073}.Debug|x86.ActiveCfg = Debug|Any CPU
		{504AFDE4-BE4C-49F5-A944-F6DCB6926073}.Debug|x86.Build.0 = Debug|Any CPU
		{504AFDE4-BE4C-49F5-A944-F6DCB6926073}.Release|Any CPU.ActiveCfg = Release|Any CPU
		{504AFDE4-BE4C-49F5-A944-F6DCB6926073}.Release|Any CPU.Build.0 = Release|Any CPU
		{504AFDE4-BE4C-49F5-A944-F6DCB6926073}.Release|x64.ActiveCfg = Release|Any CPU
		{504AFDE4-BE4C-49F5-A944-F6DCB6926073}.Release|x64.Build.0 = Release|Any CPU
		{504AFDE4-BE4C-49F5-A944-F6DCB6926073}.Release|x86.ActiveCfg = Release|Any CPU
		{504AFDE4-BE4C-49F5-A944-F6DCB6926073}.Release|x86.Build.0 = Release|Any CPU
		{4B4FAFA7-CDEE-4425-8540-7D7B1965D559}.Debug|Any CPU.ActiveCfg = Debug|Any CPU
		{4B4FAFA7-CDEE-4425-8540-7D7B1965D559}.Debug|Any CPU.Build.0 = Debug|Any CPU
		{4B4FAFA7-CDEE-4425-8540-7D7B1965D559}.Debug|x64.ActiveCfg = Debug|Any CPU
		{4B4FAFA7-CDEE-4425-8540-7D7B1965D559}.Debug|x64.Build.0 = Debug|Any CPU
		{4B4FAFA7-CDEE-4425-8540-7D7B1965D559}.Debug|x86.ActiveCfg = Debug|Any CPU
		{4B4FAFA7-CDEE-4425-8540-7D7B1965D559}.Debug|x86.Build.0 = Debug|Any CPU
		{4B4FAFA7-CDEE-4425-8540-7D7B1965D559}.Release|Any CPU.ActiveCfg = Release|Any CPU
		{4B4FAFA7-CDEE-4425-8540-7D7B1965D559}.Release|Any CPU.Build.0 = Release|Any CPU
		{4B4FAFA7-CDEE-4425-8540-7D7B1965D559}.Release|x64.ActiveCfg = Release|Any CPU
		{4B4FAFA7-CDEE-4425-8540-7D7B1965D559}.Release|x64.Build.0 = Release|Any CPU
		{4B4FAFA7-CDEE-4425-8540-7D7B1965D559}.Release|x86.ActiveCfg = Release|Any CPU
		{4B4FAFA7-CDEE-4425-8540-7D7B1965D559}.Release|x86.Build.0 = Release|Any CPU
	EndGlobalSection
	GlobalSection(NestedProjects) = preSolution
		{5A28D477-6201-43F7-9AF4-D731AD919960} = {1F4695DD-5B79-4B62-B035-112D72DF35D3}
		{FFABC791-D724-4292-B455-827BAB894BD1} = {37D5F37B-60BB-41FA-917E-6FE57781DC76}
		{9DC1AD45-1BE2-4314-B311-D0A23ACF8FDD} = {FFABC791-D724-4292-B455-827BAB894BD1}
		{52CD728C-892B-43C5-8332-B71A071BBEE2} = {FFABC791-D724-4292-B455-827BAB894BD1}
		{5F5E5A58-66A4-4D4A-95FC-152E1140EE3A} = {5A28D477-6201-43F7-9AF4-D731AD919960}
		{513A50C8-DF2F-4F7C-9405-4ECA71096FCF} = {37D5F37B-60BB-41FA-917E-6FE57781DC76}
		{C1A630E1-C90A-4121-A836-9DEB55193523} = {37D5F37B-60BB-41FA-917E-6FE57781DC76}
		{1FD2DA9D-01B5-4EB3-BF4A-C392FD613948} = {1F4695DD-5B79-4B62-B035-112D72DF35D3}
		{4191EC0C-74F1-46F0-B83B-1509F1A6153C} = {1FD2DA9D-01B5-4EB3-BF4A-C392FD613948}
		{2A833950-72FA-4A53-BF7A-C639E2C0F89A} = {1FD2DA9D-01B5-4EB3-BF4A-C392FD613948}
		{4F46ACF6-0B28-4A81-94BB-8FEFC2BFEAB3} = {1FD2DA9D-01B5-4EB3-BF4A-C392FD613948}
		{35E6852E-3E53-4B9B-B934-E49229451B75} = {4191EC0C-74F1-46F0-B83B-1509F1A6153C}
		{374D568B-78A3-400D-9D72-7215E0CB8E63} = {5F5E5A58-66A4-4D4A-95FC-152E1140EE3A}
		{D8917E10-A052-4AD5-ABE3-5F71682A0410} = {5A28D477-6201-43F7-9AF4-D731AD919960}
		{C456A906-ED6C-406B-ACAE-2FBFBE935BCA} = {5A28D477-6201-43F7-9AF4-D731AD919960}
		{C760C338-A7D1-4542-A29A-826098CD5375} = {5A28D477-6201-43F7-9AF4-D731AD919960}
		{4F8E0B83-2F47-4F27-AE2F-12FC79CE4139} = {5A28D477-6201-43F7-9AF4-D731AD919960}
		{017277D1-D242-4ACF-8F3E-7ED5E9A05774} = {3E999939-F282-491E-8D37-D0FB1AACF44E}
		{504AFDE4-BE4C-49F5-A944-F6DCB6926073} = {3E999939-F282-491E-8D37-D0FB1AACF44E}
		{4B4FAFA7-CDEE-4425-8540-7D7B1965D559} = {5F5E5A58-66A4-4D4A-95FC-152E1140EE3A}
	EndGlobalSection
EndGlobal
